
Microsoft Visual Studio Solution File, Format Version 12.00
# Visual Studio Version 16
VisualStudioVersion = 16.0.29709.97
MinimumVisualStudioVersion = 10.0.40219.1
Project("{FAE04EC0-301F-11D3-BF4B-00C04F79EFBC}") = "CTIToolkit", "CTIToolkit\CTIToolkit.csproj", "{EB9582BB-0E47-48BF-91D3-5A36BA50800B}"
EndProject
Project("{2150E333-8FDC-42A3-9474-1A3956D46DE8}") = "Data", "Data", "{0543EE4D-7322-439D-9BF1-F820AC4D2139}"
	ProjectSection(SolutionItems) = preProject
		Data\Appendix C.bbp = Data\Appendix C.bbp
		Data\Appendix C.mdpc = Data\Appendix C.mdpc
		Data\Appendix D.bbp = Data\Appendix D.bbp
		Data\Appendix D.mdpc = Data\Appendix D.mdpc
	EndProjectSection
EndProject
Project("{FAE04EC0-301F-11D3-BF4B-00C04F79EFBC}") = "Models", "Models\Models.csproj", "{70534718-9183-4478-9FB7-410936784EBB}"
EndProject
Project("{FAE04EC0-301F-11D3-BF4B-00C04F79EFBC}") = "ViewModels", "ViewModels\ViewModels.csproj", "{7BEA5325-3D6A-4693-BFA5-9360AD65E403}"
EndProject
Project("{FAE04EC0-301F-11D3-BF4B-00C04F79EFBC}") = "CalculationLibrary", "CalculationLibrary\CalculationLibrary.csproj", "{9DDB975C-03CB-48A0-A6E0-AF9E1C9212F1}"
EndProject
Project("{FAE04EC0-301F-11D3-BF4B-00C04F79EFBC}") = "IniFileConverter", "IniFileConverter\IniFileConverter.csproj", "{7189B201-AF6C-4FDC-837D-3BBB00FAAB88}"
EndProject
Project("{FAE04EC0-301F-11D3-BF4B-00C04F79EFBC}") = "CalculationLibraryUnitTest", "CalculationLibraryUnitTest\CalculationLibraryUnitTest.csproj", "{8E42D6E4-F5A0-4748-9ABC-58418DAE2BE9}"
EndProject
Project("{930C7802-8A8C-48F9-8165-68863BCCD9DD}") = "Setup", "Setup\Setup.wixproj", "{BEDD8EDD-6AC7-4290-B8E0-3105FB52FDCE}"
	ProjectSection(ProjectDependencies) = postProject
		{7189B201-AF6C-4FDC-837D-3BBB00FAAB88} = {7189B201-AF6C-4FDC-837D-3BBB00FAAB88}
		{70534718-9183-4478-9FB7-410936784EBB} = {70534718-9183-4478-9FB7-410936784EBB}
		{7BEA5325-3D6A-4693-BFA5-9360AD65E403} = {7BEA5325-3D6A-4693-BFA5-9360AD65E403}
		{9DDB975C-03CB-48A0-A6E0-AF9E1C9212F1} = {9DDB975C-03CB-48A0-A6E0-AF9E1C9212F1}
	EndProjectSection
EndProject
Project("{FAE04EC0-301F-11D3-BF4B-00C04F79EFBC}") = "GenerateSerialNumber", "GenerateSerialNumber\GenerateSerialNumber.csproj", "{066FBF65-C1A0-4F94-B00C-18955ABAF629}"
EndProject
Project("{930C7802-8A8C-48F9-8165-68863BCCD9DD}") = "GenerateSerialNumberSetup", "GenerateSerialNumberSetup\GenerateSerialNumberSetup.wixproj", "{2D332390-E6C6-40B9-B947-E3443A33D3CC}"
EndProject
Global
	GlobalSection(SolutionConfigurationPlatforms) = preSolution
		Debug|Any CPU = Debug|Any CPU
		Debug|x86 = Debug|x86
		Release|Any CPU = Release|Any CPU
		Release|x86 = Release|x86
	EndGlobalSection
	GlobalSection(ProjectConfigurationPlatforms) = postSolution
		{EB9582BB-0E47-48BF-91D3-5A36BA50800B}.Debug|Any CPU.ActiveCfg = Debug|Any CPU
		{EB9582BB-0E47-48BF-91D3-5A36BA50800B}.Debug|Any CPU.Build.0 = Debug|Any CPU
		{EB9582BB-0E47-48BF-91D3-5A36BA50800B}.Debug|x86.ActiveCfg = Debug|Any CPU
		{EB9582BB-0E47-48BF-91D3-5A36BA50800B}.Debug|x86.Build.0 = Debug|Any CPU
		{EB9582BB-0E47-48BF-91D3-5A36BA50800B}.Release|Any CPU.ActiveCfg = Release|Any CPU
		{EB9582BB-0E47-48BF-91D3-5A36BA50800B}.Release|Any CPU.Build.0 = Release|Any CPU
		{EB9582BB-0E47-48BF-91D3-5A36BA50800B}.Release|x86.ActiveCfg = Release|Any CPU
		{EB9582BB-0E47-48BF-91D3-5A36BA50800B}.Release|x86.Build.0 = Release|Any CPU
		{70534718-9183-4478-9FB7-410936784EBB}.Debug|Any CPU.ActiveCfg = Debug|Any CPU
		{70534718-9183-4478-9FB7-410936784EBB}.Debug|Any CPU.Build.0 = Debug|Any CPU
		{70534718-9183-4478-9FB7-410936784EBB}.Debug|x86.ActiveCfg = Debug|Any CPU
		{70534718-9183-4478-9FB7-410936784EBB}.Debug|x86.Build.0 = Debug|Any CPU
		{70534718-9183-4478-9FB7-410936784EBB}.Release|Any CPU.ActiveCfg = Release|Any CPU
		{70534718-9183-4478-9FB7-410936784EBB}.Release|Any CPU.Build.0 = Release|Any CPU
		{70534718-9183-4478-9FB7-410936784EBB}.Release|x86.ActiveCfg = Release|Any CPU
		{70534718-9183-4478-9FB7-410936784EBB}.Release|x86.Build.0 = Release|Any CPU
		{7BEA5325-3D6A-4693-BFA5-9360AD65E403}.Debug|Any CPU.ActiveCfg = Debug|Any CPU
		{7BEA5325-3D6A-4693-BFA5-9360AD65E403}.Debug|Any CPU.Build.0 = Debug|Any CPU
		{7BEA5325-3D6A-4693-BFA5-9360AD65E403}.Debug|x86.ActiveCfg = Debug|Any CPU
		{7BEA5325-3D6A-4693-BFA5-9360AD65E403}.Debug|x86.Build.0 = Debug|Any CPU
		{7BEA5325-3D6A-4693-BFA5-9360AD65E403}.Release|Any CPU.ActiveCfg = Release|Any CPU
		{7BEA5325-3D6A-4693-BFA5-9360AD65E403}.Release|Any CPU.Build.0 = Release|Any CPU
		{7BEA5325-3D6A-4693-BFA5-9360AD65E403}.Release|x86.ActiveCfg = Release|Any CPU
		{7BEA5325-3D6A-4693-BFA5-9360AD65E403}.Release|x86.Build.0 = Release|Any CPU
		{9DDB975C-03CB-48A0-A6E0-AF9E1C9212F1}.Debug|Any CPU.ActiveCfg = Debug|Any CPU
		{9DDB975C-03CB-48A0-A6E0-AF9E1C9212F1}.Debug|Any CPU.Build.0 = Debug|Any CPU
		{9DDB975C-03CB-48A0-A6E0-AF9E1C9212F1}.Debug|x86.ActiveCfg = Debug|Any CPU
		{9DDB975C-03CB-48A0-A6E0-AF9E1C9212F1}.Debug|x86.Build.0 = Debug|Any CPU
		{9DDB975C-03CB-48A0-A6E0-AF9E1C9212F1}.Release|Any CPU.ActiveCfg = Release|Any CPU
		{9DDB975C-03CB-48A0-A6E0-AF9E1C9212F1}.Release|Any CPU.Build.0 = Release|Any CPU
		{9DDB975C-03CB-48A0-A6E0-AF9E1C9212F1}.Release|x86.ActiveCfg = Release|Any CPU
		{9DDB975C-03CB-48A0-A6E0-AF9E1C9212F1}.Release|x86.Build.0 = Release|Any CPU
		{7189B201-AF6C-4FDC-837D-3BBB00FAAB88}.Debug|Any CPU.ActiveCfg = Debug|Any CPU
		{7189B201-AF6C-4FDC-837D-3BBB00FAAB88}.Debug|Any CPU.Build.0 = Debug|Any CPU
		{7189B201-AF6C-4FDC-837D-3BBB00FAAB88}.Debug|x86.ActiveCfg = Debug|Any CPU
		{7189B201-AF6C-4FDC-837D-3BBB00FAAB88}.Debug|x86.Build.0 = Debug|Any CPU
		{7189B201-AF6C-4FDC-837D-3BBB00FAAB88}.Release|Any CPU.ActiveCfg = Release|Any CPU
		{7189B201-AF6C-4FDC-837D-3BBB00FAAB88}.Release|Any CPU.Build.0 = Release|Any CPU
		{7189B201-AF6C-4FDC-837D-3BBB00FAAB88}.Release|x86.ActiveCfg = Release|Any CPU
		{7189B201-AF6C-4FDC-837D-3BBB00FAAB88}.Release|x86.Build.0 = Release|Any CPU
		{8E42D6E4-F5A0-4748-9ABC-58418DAE2BE9}.Debug|Any CPU.ActiveCfg = Debug|Any CPU
		{8E42D6E4-F5A0-4748-9ABC-58418DAE2BE9}.Debug|Any CPU.Build.0 = Debug|Any CPU
		{8E42D6E4-F5A0-4748-9ABC-58418DAE2BE9}.Debug|x86.ActiveCfg = Debug|Any CPU
		{8E42D6E4-F5A0-4748-9ABC-58418DAE2BE9}.Debug|x86.Build.0 = Debug|Any CPU
		{8E42D6E4-F5A0-4748-9ABC-58418DAE2BE9}.Release|Any CPU.ActiveCfg = Release|Any CPU
		{8E42D6E4-F5A0-4748-9ABC-58418DAE2BE9}.Release|Any CPU.Build.0 = Release|Any CPU
		{8E42D6E4-F5A0-4748-9ABC-58418DAE2BE9}.Release|x86.ActiveCfg = Release|Any CPU
		{8E42D6E4-F5A0-4748-9ABC-58418DAE2BE9}.Release|x86.Build.0 = Release|Any CPU
		{BEDD8EDD-6AC7-4290-B8E0-3105FB52FDCE}.Debug|Any CPU.ActiveCfg = Debug|x86
		{BEDD8EDD-6AC7-4290-B8E0-3105FB52FDCE}.Debug|x86.ActiveCfg = Debug|x86
		{BEDD8EDD-6AC7-4290-B8E0-3105FB52FDCE}.Debug|x86.Build.0 = Debug|x86
		{BEDD8EDD-6AC7-4290-B8E0-3105FB52FDCE}.Release|Any CPU.ActiveCfg = Release|x86
		{BEDD8EDD-6AC7-4290-B8E0-3105FB52FDCE}.Release|x86.ActiveCfg = Release|x86
		{BEDD8EDD-6AC7-4290-B8E0-3105FB52FDCE}.Release|x86.Build.0 = Release|x86
		{066FBF65-C1A0-4F94-B00C-18955ABAF629}.Debug|Any CPU.ActiveCfg = Debug|Any CPU
		{066FBF65-C1A0-4F94-B00C-18955ABAF629}.Debug|Any CPU.Build.0 = Debug|Any CPU
		{066FBF65-C1A0-4F94-B00C-18955ABAF629}.Debug|x86.ActiveCfg = Debug|Any CPU
		{066FBF65-C1A0-4F94-B00C-18955ABAF629}.Debug|x86.Build.0 = Debug|Any CPU
		{066FBF65-C1A0-4F94-B00C-18955ABAF629}.Release|Any CPU.ActiveCfg = Release|Any CPU
		{066FBF65-C1A0-4F94-B00C-18955ABAF629}.Release|Any CPU.Build.0 = Release|Any CPU
		{066FBF65-C1A0-4F94-B00C-18955ABAF629}.Release|x86.ActiveCfg = Release|Any CPU
		{066FBF65-C1A0-4F94-B00C-18955ABAF629}.Release|x86.Build.0 = Release|Any CPU
		{2D332390-E6C6-40B9-B947-E3443A33D3CC}.Debug|Any CPU.ActiveCfg = Debug|x86
		{2D332390-E6C6-40B9-B947-E3443A33D3CC}.Debug|x86.ActiveCfg = Debug|x86
		{2D332390-E6C6-40B9-B947-E3443A33D3CC}.Debug|x86.Build.0 = Debug|x86
		{2D332390-E6C6-40B9-B947-E3443A33D3CC}.Release|Any CPU.ActiveCfg = Release|x86
		{2D332390-E6C6-40B9-B947-E3443A33D3CC}.Release|x86.ActiveCfg = Release|x86
		{2D332390-E6C6-40B9-B947-E3443A33D3CC}.Release|x86.Build.0 = Release|x86
	EndGlobalSection
	GlobalSection(SolutionProperties) = preSolution
		HideSolutionNode = FALSE
	EndGlobalSection
	GlobalSection(ExtensibilityGlobals) = postSolution
		SolutionGuid = {6A209738-2C0B-4CEA-B7D4-001001AC4F2B}
	EndGlobalSection
EndGlobal
